
Microsoft Visual Studio Solution File, Format Version 12.00
# Visual Studio Version 16
VisualStudioVersion = 16.0.28922.388
MinimumVisualStudioVersion = 10.0.40219.1
Project("{FAE04EC0-301F-11D3-BF4B-00C04F79EFBC}") = "PinNotify", "PinNotify\PinNotify.csproj", "{967B8113-6BF6-4634-B99B-B84E768A0FD2}"
EndProject
Project("{FAE04EC0-301F-11D3-BF4B-00C04F79EFBC}") = "PinNotifyTest", "PinNotifyTest\PinNotifyTest.csproj", "{9576D1D2-9BE3-48D6-824A-FB7A79FBC312}"
EndProject
Global
	GlobalSection(SolutionConfigurationPlatforms) = preSolution
		Debug|Any CPU = Debug|Any CPU
		Release|Any CPU = Release|Any CPU
	EndGlobalSection
	GlobalSection(ProjectConfigurationPlatforms) = postSolution
		{967B8113-6BF6-4634-B99B-B84E768A0FD2}.Debug|Any CPU.ActiveCfg = Debug|Any CPU
		{967B8113-6BF6-4634-B99B-B84E768A0FD2}.Debug|Any CPU.Build.0 = Debug|Any CPU
		{967B8113-6BF6-4634-B99B-B84E768A0FD2}.Release|Any CPU.ActiveCfg = Release|Any CPU
		{967B8113-6BF6-4634-B99B-B84E768A0FD2}.Release|Any CPU.Build.0 = Release|Any CPU
		{9576D1D2-9BE3-48D6-824A-FB7A79FBC312}.Debug|Any CPU.ActiveCfg = Debug|Any CPU
		{9576D1D2-9BE3-48D6-824A-FB7A79FBC312}.Debug|Any CPU.Build.0 = Debug|Any CPU
		{9576D1D2-9BE3-48D6-824A-FB7A79FBC312}.Release|Any CPU.ActiveCfg = Release|Any CPU
		{9576D1D2-9BE3-48D6-824A-FB7A79FBC312}.Release|Any CPU.Build.0 = Release|Any CPU
	EndGlobalSection
	GlobalSection(SolutionProperties) = preSolution
		HideSolutionNode = FALSE
	EndGlobalSection
	GlobalSection(ExtensibilityGlobals) = postSolution
		SolutionGuid = {085EE4CC-CC53-4DFC-BB83-CB7239209283}
	EndGlobalSection
	GlobalSection(TeamFoundationVersionControl) = preSolution
		SccNumberOfProjects = 3
		SccEnterpriseProvider = {4CA58AB2-18FA-4F8D-95D4-32DDF27D184C}
		SccTeamFoundationServer = https://hortonrepo.visualstudio.com/
		SccLocalPath0 = .
		SccProjectUniqueName1 = PinNotify\\PinNotify.csproj
		SccProjectName1 = PinNotify
		SccLocalPath1 = PinNotify
		SccProjectUniqueName2 = PinNotifyTest\\PinNotifyTest.csproj
		SccProjectName2 = PinNotifyTest
		SccLocalPath2 = PinNotifyTest
	EndGlobalSection
EndGlobal
